
Microsoft Visual Studio Solution File, Format Version 12.00
# Visual Studio 15
VisualStudioVersion = 15.0.28010.0
MinimumVisualStudioVersion = 10.0.40219.1
Project("{9A19103F-16F7-4668-BE54-9A1E7A4F7556}") = "ProductApi", "ProductApi\ProductApi.csproj", "{51E4D811-95FF-479A-8632-666C74CC3848}"
EndProject
Project("{9A19103F-16F7-4668-BE54-9A1E7A4F7556}") = "ProductApi.DataAccess", "ProductApi.DataAccess\ProductApi.DataAccess.csproj", "{94C750F8-9577-4677-9843-8BB121AFD660}"
EndProject
Project("{9A19103F-16F7-4668-BE54-9A1E7A4F7556}") = "ProductApi.Tests", "ProductApi.Tests\ProductApi.Tests.csproj", "{D1172728-CFE1-427F-853C-D0E1274E6423}"
EndProject
Project("{9A19103F-16F7-4668-BE54-9A1E7A4F7556}") = "ProductApi.BusinessLogic", "ProductApi.BusinessLogic\ProductApi.BusinessLogic.csproj", "{08CFB1BF-662B-47C2-811C-C118E6D2C9A8}"
EndProject
Project("{9A19103F-16F7-4668-BE54-9A1E7A4F7556}") = "ProductApi.Model", "ProductApi.Model\ProductApi.Model.csproj", "{A1D82D13-5B92-42A3-B18F-9EE6CEEA6E15}"
EndProject
Global
	GlobalSection(SolutionConfigurationPlatforms) = preSolution
		Debug|Any CPU = Debug|Any CPU
		Release|Any CPU = Release|Any CPU
	EndGlobalSection
	GlobalSection(ProjectConfigurationPlatforms) = postSolution
		{51E4D811-95FF-479A-8632-666C74CC3848}.Debug|Any CPU.ActiveCfg = Debug|Any CPU
		{51E4D811-95FF-479A-8632-666C74CC3848}.Debug|Any CPU.Build.0 = Debug|Any CPU
		{51E4D811-95FF-479A-8632-666C74CC3848}.Release|Any CPU.ActiveCfg = Release|Any CPU
		{51E4D811-95FF-479A-8632-666C74CC3848}.Release|Any CPU.Build.0 = Release|Any CPU
		{94C750F8-9577-4677-9843-8BB121AFD660}.Debug|Any CPU.ActiveCfg = Debug|Any CPU
		{94C750F8-9577-4677-9843-8BB121AFD660}.Debug|Any CPU.Build.0 = Debug|Any CPU
		{94C750F8-9577-4677-9843-8BB121AFD660}.Release|Any CPU.ActiveCfg = Release|Any CPU
		{94C750F8-9577-4677-9843-8BB121AFD660}.Release|Any CPU.Build.0 = Release|Any CPU
		{D1172728-CFE1-427F-853C-D0E1274E6423}.Debug|Any CPU.ActiveCfg = Debug|Any CPU
		{D1172728-CFE1-427F-853C-D0E1274E6423}.Debug|Any CPU.Build.0 = Debug|Any CPU
		{D1172728-CFE1-427F-853C-D0E1274E6423}.Release|Any CPU.ActiveCfg = Release|Any CPU
		{D1172728-CFE1-427F-853C-D0E1274E6423}.Release|Any CPU.Build.0 = Release|Any CPU
		{08CFB1BF-662B-47C2-811C-C118E6D2C9A8}.Debug|Any CPU.ActiveCfg = Debug|Any CPU
		{08CFB1BF-662B-47C2-811C-C118E6D2C9A8}.Debug|Any CPU.Build.0 = Debug|Any CPU
		{08CFB1BF-662B-47C2-811C-C118E6D2C9A8}.Release|Any CPU.ActiveCfg = Release|Any CPU
		{08CFB1BF-662B-47C2-811C-C118E6D2C9A8}.Release|Any CPU.Build.0 = Release|Any CPU
		{A1D82D13-5B92-42A3-B18F-9EE6CEEA6E15}.Debug|Any CPU.ActiveCfg = Debug|Any CPU
		{A1D82D13-5B92-42A3-B18F-9EE6CEEA6E15}.Debug|Any CPU.Build.0 = Debug|Any CPU
		{A1D82D13-5B92-42A3-B18F-9EE6CEEA6E15}.Release|Any CPU.ActiveCfg = Release|Any CPU
		{A1D82D13-5B92-42A3-B18F-9EE6CEEA6E15}.Release|Any CPU.Build.0 = Release|Any CPU
	EndGlobalSection
	GlobalSection(SolutionProperties) = preSolution
		HideSolutionNode = FALSE
	EndGlobalSection
	GlobalSection(ExtensibilityGlobals) = postSolution
		SolutionGuid = {8F054D10-F5DA-453D-8EAA-A70FBBBC3843}
	EndGlobalSection
EndGlobal
